
Microsoft Visual Studio Solution File, Format Version 12.00
# Visual Studio Version 16
VisualStudioVersion = 16.0.29709.97
MinimumVisualStudioVersion = 10.0.40219.1
Project("{FAE04EC0-301F-11D3-BF4B-00C04F79EFBC}") = "PopupAcceptDecline", "PopupAcceptDecline\PopupAcceptDecline\PopupAcceptDecline.csproj", "{B74736D4-7C8E-41F5-AF62-17B5A76DD848}"
EndProject
Project("{FAE04EC0-301F-11D3-BF4B-00C04F79EFBC}") = "PopupAcceptDecline.Android", "PopupAcceptDecline\PopupAcceptDecline.Android\PopupAcceptDecline.Android.csproj", "{0383FE53-0632-472E-8F9F-706BC1781D80}"
EndProject
Project("{FAE04EC0-301F-11D3-BF4B-00C04F79EFBC}") = "PopupAcceptDecline.iOS", "PopupAcceptDecline\PopupAcceptDecline.iOS\PopupAcceptDecline.iOS.csproj", "{D252D4EE-0D3C-4869-8554-9396CB223EA8}"
EndProject
Global
	GlobalSection(SolutionConfigurationPlatforms) = preSolution
		Ad-Hoc|Any CPU = Ad-Hoc|Any CPU
		Ad-Hoc|iPhone = Ad-Hoc|iPhone
		Ad-Hoc|iPhoneSimulator = Ad-Hoc|iPhoneSimulator
		AppStore|Any CPU = AppStore|Any CPU
		AppStore|iPhone = AppStore|iPhone
		AppStore|iPhoneSimulator = AppStore|iPhoneSimulator
		Debug|Any CPU = Debug|Any CPU
		Debug|iPhone = Debug|iPhone
		Debug|iPhoneSimulator = Debug|iPhoneSimulator
		Release|Any CPU = Release|Any CPU
		Release|iPhone = Release|iPhone
		Release|iPhoneSimulator = Release|iPhoneSimulator
	EndGlobalSection
	GlobalSection(ProjectConfigurationPlatforms) = postSolution
		{B74736D4-7C8E-41F5-AF62-17B5A76DD848}.Ad-Hoc|Any CPU.ActiveCfg = Debug|Any CPU
		{B74736D4-7C8E-41F5-AF62-17B5A76DD848}.Ad-Hoc|Any CPU.Build.0 = Debug|Any CPU
		{B74736D4-7C8E-41F5-AF62-17B5A76DD848}.Ad-Hoc|iPhone.ActiveCfg = Debug|Any CPU
		{B74736D4-7C8E-41F5-AF62-17B5A76DD848}.Ad-Hoc|iPhone.Build.0 = Debug|Any CPU
		{B74736D4-7C8E-41F5-AF62-17B5A76DD848}.Ad-Hoc|iPhoneSimulator.ActiveCfg = Debug|Any CPU
		{B74736D4-7C8E-41F5-AF62-17B5A76DD848}.Ad-Hoc|iPhoneSimulator.Build.0 = Debug|Any CPU
		{B74736D4-7C8E-41F5-AF62-17B5A76DD848}.AppStore|Any CPU.ActiveCfg = Debug|Any CPU
		{B74736D4-7C8E-41F5-AF62-17B5A76DD848}.AppStore|Any CPU.Build.0 = Debug|Any CPU
		{B74736D4-7C8E-41F5-AF62-17B5A76DD848}.AppStore|iPhone.ActiveCfg = Debug|Any CPU
		{B74736D4-7C8E-41F5-AF62-17B5A76DD848}.AppStore|iPhone.Build.0 = Debug|Any CPU
		{B74736D4-7C8E-41F5-AF62-17B5A76DD848}.AppStore|iPhoneSimulator.ActiveCfg = Debug|Any CPU
		{B74736D4-7C8E-41F5-AF62-17B5A76DD848}.AppStore|iPhoneSimulator.Build.0 = Debug|Any CPU
		{B74736D4-7C8E-41F5-AF62-17B5A76DD848}.Debug|Any CPU.ActiveCfg = Debug|Any CPU
		{B74736D4-7C8E-41F5-AF62-17B5A76DD848}.Debug|Any CPU.Build.0 = Debug|Any CPU
		{B74736D4-7C8E-41F5-AF62-17B5A76DD848}.Debug|iPhone.ActiveCfg = Debug|Any CPU
		{B74736D4-7C8E-41F5-AF62-17B5A76DD848}.Debug|iPhone.Build.0 = Debug|Any CPU
		{B74736D4-7C8E-41F5-AF62-17B5A76DD848}.Debug|iPhoneSimulator.ActiveCfg = Debug|Any CPU
		{B74736D4-7C8E-41F5-AF62-17B5A76DD848}.Debug|iPhoneSimulator.Build.0 = Debug|Any CPU
		{B74736D4-7C8E-41F5-AF62-17B5A76DD848}.Release|Any CPU.ActiveCfg = Release|Any CPU
		{B74736D4-7C8E-41F5-AF62-17B5A76DD848}.Release|Any CPU.Build.0 = Release|Any CPU
		{B74736D4-7C8E-41F5-AF62-17B5A76DD848}.Release|iPhone.ActiveCfg = Release|Any CPU
		{B74736D4-7C8E-41F5-AF62-17B5A76DD848}.Release|iPhone.Build.0 = Release|Any CPU
		{B74736D4-7C8E-41F5-AF62-17B5A76DD848}.Release|iPhoneSimulator.ActiveCfg = Release|Any CPU
		{B74736D4-7C8E-41F5-AF62-17B5A76DD848}.Release|iPhoneSimulator.Build.0 = Release|Any CPU
		{0383FE53-0632-472E-8F9F-706BC1781D80}.Ad-Hoc|Any CPU.ActiveCfg = Release|Any CPU
		{0383FE53-0632-472E-8F9F-706BC1781D80}.Ad-Hoc|Any CPU.Build.0 = Release|Any CPU
		{0383FE53-0632-472E-8F9F-706BC1781D80}.Ad-Hoc|Any CPU.Deploy.0 = Release|Any CPU
		{0383FE53-0632-472E-8F9F-706BC1781D80}.Ad-Hoc|iPhone.ActiveCfg = Release|Any CPU
		{0383FE53-0632-472E-8F9F-706BC1781D80}.Ad-Hoc|iPhone.Build.0 = Release|Any CPU
		{0383FE53-0632-472E-8F9F-706BC1781D80}.Ad-Hoc|iPhone.Deploy.0 = Release|Any CPU
		{0383FE53-0632-472E-8F9F-706BC1781D80}.Ad-Hoc|iPhoneSimulator.ActiveCfg = Release|Any CPU
		{0383FE53-0632-472E-8F9F-706BC1781D80}.Ad-Hoc|iPhoneSimulator.Build.0 = Release|Any CPU
		{0383FE53-0632-472E-8F9F-706BC1781D80}.Ad-Hoc|iPhoneSimulator.Deploy.0 = Release|Any CPU
		{0383FE53-0632-472E-8F9F-706BC1781D80}.AppStore|Any CPU.ActiveCfg = Release|Any CPU
		{0383FE53-0632-472E-8F9F-706BC1781D80}.AppStore|Any CPU.Build.0 = Release|Any CPU
		{0383FE53-0632-472E-8F9F-706BC1781D80}.AppStore|Any CPU.Deploy.0 = Release|Any CPU
		{0383FE53-0632-472E-8F9F-706BC1781D80}.AppStore|iPhone.ActiveCfg = Release|Any CPU
		{0383FE53-0632-472E-8F9F-706BC1781D80}.AppStore|iPhone.Build.0 = Release|Any CPU
		{0383FE53-0632-472E-8F9F-706BC1781D80}.AppStore|iPhone.Deploy.0 = Release|Any CPU
		{0383FE53-0632-472E-8F9F-706BC1781D80}.AppStore|iPhoneSimulator.ActiveCfg = Release|Any CPU
		{0383FE53-0632-472E-8F9F-706BC1781D80}.AppStore|iPhoneSimulator.Build.0 = Release|Any CPU
		{0383FE53-0632-472E-8F9F-706BC1781D80}.AppStore|iPhoneSimulator.Deploy.0 = Release|Any CPU
		{0383FE53-0632-472E-8F9F-706BC1781D80}.Debug|Any CPU.ActiveCfg = Debug|Any CPU
		{0383FE53-0632-472E-8F9F-706BC1781D80}.Debug|Any CPU.Build.0 = Debug|Any CPU
		{0383FE53-0632-472E-8F9F-706BC1781D80}.Debug|Any CPU.Deploy.0 = Debug|Any CPU
		{0383FE53-0632-472E-8F9F-706BC1781D80}.Debug|iPhone.ActiveCfg = Debug|Any CPU
		{0383FE53-0632-472E-8F9F-706BC1781D80}.Debug|iPhone.Build.0 = Debug|Any CPU
		{0383FE53-0632-472E-8F9F-706BC1781D80}.Debug|iPhone.Deploy.0 = Debug|Any CPU
		{0383FE53-0632-472E-8F9F-706BC1781D80}.Debug|iPhoneSimulator.ActiveCfg = Debug|Any CPU
		{0383FE53-0632-472E-8F9F-706BC1781D80}.Debug|iPhoneSimulator.Build.0 = Debug|Any CPU
		{0383FE53-0632-472E-8F9F-706BC1781D80}.Debug|iPhoneSimulator.Deploy.0 = Debug|Any CPU
		{0383FE53-0632-472E-8F9F-706BC1781D80}.Release|Any CPU.ActiveCfg = Release|Any CPU
		{0383FE53-0632-472E-8F9F-706BC1781D80}.Release|Any CPU.Build.0 = Release|Any CPU
		{0383FE53-0632-472E-8F9F-706BC1781D80}.Release|Any CPU.Deploy.0 = Release|Any CPU
		{0383FE53-0632-472E-8F9F-706BC1781D80}.Release|iPhone.ActiveCfg = Release|Any CPU
		{0383FE53-0632-472E-8F9F-706BC1781D80}.Release|iPhone.Build.0 = Release|Any CPU
		{0383FE53-0632-472E-8F9F-706BC1781D80}.Release|iPhone.Deploy.0 = Release|Any CPU
		{0383FE53-0632-472E-8F9F-706BC1781D80}.Release|iPhoneSimulator.ActiveCfg = Release|Any CPU
		{0383FE53-0632-472E-8F9F-706BC1781D80}.Release|iPhoneSimulator.Build.0 = Release|Any CPU
		{0383FE53-0632-472E-8F9F-706BC1781D80}.Release|iPhoneSimulator.Deploy.0 = Release|Any CPU
		{D252D4EE-0D3C-4869-8554-9396CB223EA8}.Ad-Hoc|Any CPU.ActiveCfg = Ad-Hoc|iPhone
		{D252D4EE-0D3C-4869-8554-9396CB223EA8}.Ad-Hoc|iPhone.ActiveCfg = Ad-Hoc|iPhone
		{D252D4EE-0D3C-4869-8554-9396CB223EA8}.Ad-Hoc|iPhone.Build.0 = Ad-Hoc|iPhone
		{D252D4EE-0D3C-4869-8554-9396CB223EA8}.Ad-Hoc|iPhoneSimulator.ActiveCfg = Ad-Hoc|iPhoneSimulator
		{D252D4EE-0D3C-4869-8554-9396CB223EA8}.Ad-Hoc|iPhoneSimulator.Build.0 = Ad-Hoc|iPhoneSimulator
		{D252D4EE-0D3C-4869-8554-9396CB223EA8}.AppStore|Any CPU.ActiveCfg = AppStore|iPhone
		{D252D4EE-0D3C-4869-8554-9396CB223EA8}.AppStore|iPhone.ActiveCfg = AppStore|iPhone
		{D252D4EE-0D3C-4869-8554-9396CB223EA8}.AppStore|iPhone.Build.0 = AppStore|iPhone
		{D252D4EE-0D3C-4869-8554-9396CB223EA8}.AppStore|iPhoneSimulator.ActiveCfg = AppStore|iPhoneSimulator
		{D252D4EE-0D3C-4869-8554-9396CB223EA8}.AppStore|iPhoneSimulator.Build.0 = AppStore|iPhoneSimulator
		{D252D4EE-0D3C-4869-8554-9396CB223EA8}.Debug|Any CPU.ActiveCfg = Debug|iPhone
		{D252D4EE-0D3C-4869-8554-9396CB223EA8}.Debug|iPhone.ActiveCfg = Debug|iPhone
		{D252D4EE-0D3C-4869-8554-9396CB223EA8}.Debug|iPhone.Build.0 = Debug|iPhone
		{D252D4EE-0D3C-4869-8554-9396CB223EA8}.Debug|iPhoneSimulator.ActiveCfg = Debug|iPhoneSimulator
		{D252D4EE-0D3C-4869-8554-9396CB223EA8}.Debug|iPhoneSimulator.Build.0 = Debug|iPhoneSimulator
		{D252D4EE-0D3C-4869-8554-9396CB223EA8}.Release|Any CPU.ActiveCfg = Release|iPhone
		{D252D4EE-0D3C-4869-8554-9396CB223EA8}.Release|iPhone.ActiveCfg = Release|iPhone
		{D252D4EE-0D3C-4869-8554-9396CB223EA8}.Release|iPhone.Build.0 = Release|iPhone
		{D252D4EE-0D3C-4869-8554-9396CB223EA8}.Release|iPhoneSimulator.ActiveCfg = Release|iPhoneSimulator
		{D252D4EE-0D3C-4869-8554-9396CB223EA8}.Release|iPhoneSimulator.Build.0 = Release|iPhoneSimulator
	EndGlobalSection
	GlobalSection(SolutionProperties) = preSolution
		HideSolutionNode = FALSE
	EndGlobalSection
	GlobalSection(ExtensibilityGlobals) = postSolution
		SolutionGuid = {38E4293E-EC37-4183-9221-757693814292}
	EndGlobalSection
EndGlobal
